
Microsoft Visual Studio Solution File, Format Version 12.00
# Visual Studio Version 17
VisualStudioVersion = 17.6.33712.159
MinimumVisualStudioVersion = 10.0.40219.1
Project("{2150E333-8FDC-42A3-9474-1A3956D46DE8}") = "Libraries", "Libraries", "{A0BEA78A-BE6A-48D6-AF2D-CA378E9C47AD}"
EndProject
Project("{FAE04EC0-301F-11D3-BF4B-00C04F79EFBC}") = "ORM", "ORM\ORM.csproj", "{A6FE1E6A-6563-4A5B-9B61-4971E4A985D8}"
EndProject
Project("{2150E333-8FDC-42A3-9474-1A3956D46DE8}") = "Presentation", "Presentation", "{9D4CC347-68A8-4B8C-9799-84C6F6AF481E}"
EndProject
Project("{FAE04EC0-301F-11D3-BF4B-00C04F79EFBC}") = "MainProject", "MainProject\MainProject.csproj", "{D96B6C04-1E55-4B28-AD2E-159CA4DBED0F}"
EndProject
Global
	GlobalSection(SolutionConfigurationPlatforms) = preSolution
		Debug|Any CPU = Debug|Any CPU
		Release|Any CPU = Release|Any CPU
	EndGlobalSection
	GlobalSection(ProjectConfigurationPlatforms) = postSolution
		{A6FE1E6A-6563-4A5B-9B61-4971E4A985D8}.Debug|Any CPU.ActiveCfg = Debug|Any CPU
		{A6FE1E6A-6563-4A5B-9B61-4971E4A985D8}.Debug|Any CPU.Build.0 = Debug|Any CPU
		{A6FE1E6A-6563-4A5B-9B61-4971E4A985D8}.Release|Any CPU.ActiveCfg = Release|Any CPU
		{A6FE1E6A-6563-4A5B-9B61-4971E4A985D8}.Release|Any CPU.Build.0 = Release|Any CPU
		{D96B6C04-1E55-4B28-AD2E-159CA4DBED0F}.Debug|Any CPU.ActiveCfg = Debug|Any CPU
		{D96B6C04-1E55-4B28-AD2E-159CA4DBED0F}.Debug|Any CPU.Build.0 = Debug|Any CPU
		{D96B6C04-1E55-4B28-AD2E-159CA4DBED0F}.Release|Any CPU.ActiveCfg = Release|Any CPU
		{D96B6C04-1E55-4B28-AD2E-159CA4DBED0F}.Release|Any CPU.Build.0 = Release|Any CPU
	EndGlobalSection
	GlobalSection(SolutionProperties) = preSolution
		HideSolutionNode = FALSE
	EndGlobalSection
	GlobalSection(NestedProjects) = preSolution
		{A6FE1E6A-6563-4A5B-9B61-4971E4A985D8} = {A0BEA78A-BE6A-48D6-AF2D-CA378E9C47AD}
		{D96B6C04-1E55-4B28-AD2E-159CA4DBED0F} = {9D4CC347-68A8-4B8C-9799-84C6F6AF481E}
	EndGlobalSection
	GlobalSection(ExtensibilityGlobals) = postSolution
		SolutionGuid = {9483D865-8B3E-437A-B0B5-1DE520CEE63C}
	EndGlobalSection
EndGlobal
